PODS:
  - Alamofire (3.2.1)
  - Kingfisher (2.1.0)
  - Material (1.36.0)
  - Ono (1.2.2)
  - Reveal-iOS-SDK (1.6.2)

DEPENDENCIES:
  - Alamofire
  - Kingfisher
  - Material
  - Ono
  - Reveal-iOS-SDK

SPEC CHECKSUMS:
  Alamofire: f11d8624a05f5d39e0c99309b3e600a3ba64298a
  Kingfisher: 3ac09acad75a25ab22f6d7cef3de10d61dd4792d
  Material: 3162fe1199c62599e977f08515389a4380aaf2ba
  Ono: 80b1c686777d3f6d5d5ce6fcac8a74afef4ca197
  Reveal-iOS-SDK: e2250b3c155bcfac53ae223ddc1f76d08f206c33

PODFILE CHECKSUM: a33fb66e2bec481cbef4d768922b988148e49c17

COCOAPODS: 1.0.0.beta.4
