PODS:
  - Material (1.35.3)
  - Ono (1.2.2)
  - Realm (0.98.3):
    - Realm/Headers (= 0.98.3)
  - Realm/Headers (0.98.3)
  - RealmSwift (0.98.3):
    - Realm (= 0.98.3)
  - Reveal-iOS-SDK (1.6.2)

DEPENDENCIES:
  - Material
  - Ono
  - RealmSwift
  - Reveal-iOS-SDK

SPEC CHECKSUMS:
  Material: 2989ce92c519fbdc265525819c37df0851701c4c
  Ono: 80b1c686777d3f6d5d5ce6fcac8a74afef4ca197
  Realm: c6a7d00221a2d5177810a674aebd40c5e0b70b0f
  RealmSwift: d6ecad6e4c2a645d6ac956c2c7e9efb375f39c31
  Reveal-iOS-SDK: e2250b3c155bcfac53ae223ddc1f76d08f206c33

PODFILE CHECKSUM: d926acdde644eea451fbd16d7b832545f920c9aa

COCOAPODS: 1.0.0.beta.4
