// !$*UTF8*$!
{
	archiveVersion = 1;
	classes = {
	};
	objectVersion = 46;
	objects = {

/* Begin PBXBuildFile section */
		F40C02191C8FE11C00CB3646 /* Recommend.storyboard in Resources */ = {isa = PBXBuildFile; fileRef = F40C02181C8FE11C00CB3646 /* Recommend.storyboard */; };
		F40C021B1C8FFAEB00CB3646 /* CustomNavigationController.swift in Sources */ = {isa = PBXBuildFile; fileRef = F40C021A1C8FFAEB00CB3646 /* CustomNavigationController.swift */; };
		F40C02271C90028B00CB3646 /* UIView+Frame.m in Sources */ = {isa = PBXBuildFile; fileRef = F40C021F1C90028B00CB3646 /* UIView+Frame.m */; };
		F40C02281C90028B00CB3646 /* YZDisplayTitleLabel.m in Sources */ = {isa = PBXBuildFile; fileRef = F40C02211C90028B00CB3646 /* YZDisplayTitleLabel.m */; };
		F40C02291C90028B00CB3646 /* YZDisplayViewController.m in Sources */ = {isa = PBXBuildFile; fileRef = F40C02231C90028B00CB3646 /* YZDisplayViewController.m */; };
		F40C022A1C90028B00CB3646 /* YZFlowLayout.m in Sources */ = {isa = PBXBuildFile; fileRef = F40C02261C90028B00CB3646 /* YZFlowLayout.m */; };
		F40C02341C9003F600CB3646 /* Main.storyboard in Resources */ = {isa = PBXBuildFile; fileRef = F40C02321C9003F600CB3646 /* Main.storyboard */; };
		F40C02391C90054D00CB3646 /* ViewControllerA.swift in Sources */ = {isa = PBXBuildFile; fileRef = F40C02381C90054D00CB3646 /* ViewControllerA.swift */; };
		F4120ABB1C9AAABC00B86DE3 /* NSDate+InternetDateTime.m in Sources */ = {isa = PBXBuildFile; fileRef = F4120ABA1C9AAABC00B86DE3 /* NSDate+InternetDateTime.m */; };
		F415918D1C9BD3A00034D3C2 /* PageViewController.swift in Sources */ = {isa = PBXBuildFile; fileRef = F415918C1C9BD3A00034D3C2 /* PageViewController.swift */; };
		F415918F1C9BDA330034D3C2 /* Page.storyboard in Resources */ = {isa = PBXBuildFile; fileRef = F415918E1C9BDA330034D3C2 /* Page.storyboard */; };
		F4181E071C86C3C600E41FBA /* AppDelegate.swift in Sources */ = {isa = PBXBuildFile; fileRef = F4181E061C86C3C600E41FBA /* AppDelegate.swift */; };
		F4181E1C1C86C3C700E41FBA /* iReadTests.swift in Sources */ = {isa = PBXBuildFile; fileRef = F4181E1B1C86C3C700E41FBA /* iReadTests.swift */; };
		F4181E271C86C3C700E41FBA /* iReadUITests.swift in Sources */ = {isa = PBXBuildFile; fileRef = F4181E261C86C3C700E41FBA /* iReadUITests.swift */; };
		F42A63651C9A8E0C0099CB7A /* BaseCardView.swift in Sources */ = {isa = PBXBuildFile; fileRef = F42A63641C9A8E0C0099CB7A /* BaseCardView.swift */; };
		F42C03361C9A4B9000B27F45 /* BaseCollectionView.swift in Sources */ = {isa = PBXBuildFile; fileRef = F42C03351C9A4B9000B27F45 /* BaseCollectionView.swift */; };
		F42C03381C9A4E6900B27F45 /* BaseCollectionViewCell.swift in Sources */ = {isa = PBXBuildFile; fileRef = F42C03371C9A4E6900B27F45 /* BaseCollectionViewCell.swift */; };
		F42E98501C925DED00A1E602 /* ConcurrentOpeartion.swift in Sources */ = {isa = PBXBuildFile; fileRef = F42E984F1C925DED00A1E602 /* ConcurrentOpeartion.swift */; };
		F42E98521C92601400A1E602 /* FeedModel.swift in Sources */ = {isa = PBXBuildFile; fileRef = F42E98511C92601400A1E602 /* FeedModel.swift */; };
		F42E98551C92689100A1E602 /* iReadNetwork.swift in Sources */ = {isa = PBXBuildFile; fileRef = F42E98541C92689100A1E602 /* iReadNetwork.swift */; };
		F42E98571C92720900A1E602 /* FeedManager.swift in Sources */ = {isa = PBXBuildFile; fileRef = F42E98561C92720900A1E602 /* FeedManager.swift */; };
		F42E98591C9276AF00A1E602 /* FeedParseOperation.swift in Sources */ = {isa = PBXBuildFile; fileRef = F42E98581C9276AF00A1E602 /* FeedParseOperation.swift */; };
		F42E985B1C9276D100A1E602 /* FeedFetchOperation.swift in Sources */ = {isa = PBXBuildFile; fileRef = F42E985A1C9276D100A1E602 /* FeedFetchOperation.swift */; };
		F42E985D1C92770600A1E602 /* FeedModelsProvider.swift in Sources */ = {isa = PBXBuildFile; fileRef = F42E985C1C92770600A1E602 /* FeedModelsProvider.swift */; };
		F42E98611C927F2100A1E602 /* iReadString.swift in Sources */ = {isa = PBXBuildFile; fileRef = F42E98601C927F2100A1E602 /* iReadString.swift */; };
		F431A57F1CA62F85007589E9 /* TechStudyController.swift in Sources */ = {isa = PBXBuildFile; fileRef = F431A57E1CA62F85007589E9 /* TechStudyController.swift */; };
		F431A5811CA62FB9007589E9 /* RecommendBaseController.swift in Sources */ = {isa = PBXBuildFile; fileRef = F431A5801CA62FB9007589E9 /* RecommendBaseController.swift */; };
		F431A5851CA6B8DC007589E9 /* FeedBaseTableViewCell.swift in Sources */ = {isa = PBXBuildFile; fileRef = F431A5841CA6B8DC007589E9 /* FeedBaseTableViewCell.swift */; };
		F445DD8A1C9BA68600B4DA71 /* ArticleViewController.swift in Sources */ = {isa = PBXBuildFile; fileRef = F445DD891C9BA68600B4DA71 /* ArticleViewController.swift */; };
		F4495E641C9FABDE00E75463 /* iReadWebConfiguration.swift in Sources */ = {isa = PBXBuildFile; fileRef = F4495E631C9FABDE00E75463 /* iReadWebConfiguration.swift */; };
		F4495E671CA0161400E75463 /* img.js in Resources */ = {isa = PBXBuildFile; fileRef = F4495E661CA0161400E75463 /* img.js */; };
		F4495E691CA02AC200E75463 /* style.js in Resources */ = {isa = PBXBuildFile; fileRef = F4495E681CA02AC200E75463 /* style.js */; };
		F44B0B6B1CA537CC00DDE1E9 /* FeedsTitleView.swift in Sources */ = {isa = PBXBuildFile; fileRef = F44B0B6A1CA537CC00DDE1E9 /* FeedsTitleView.swift */; };
		F44B0B6F1CA54AE500DDE1E9 /* PCAngularActivityIndicatorView.m in Sources */ = {isa = PBXBuildFile; fileRef = F44B0B6E1CA54AE500DDE1E9 /* PCAngularActivityIndicatorView.m */; };
		F44B0B741CA54B7A00DDE1E9 /* iReadLoadView.swift in Sources */ = {isa = PBXBuildFile; fileRef = F44B0B731CA54B7A00DDE1E9 /* iReadLoadView.swift */; };
		F44DE8F21C92BEEE008617E6 /* feeds.plist in Resources */ = {isa = PBXBuildFile; fileRef = F44DE8F11C92BEEE008617E6 /* feeds.plist */; };
		F44DE8F61C92C21F008617E6 /* feedResource.swift in Sources */ = {isa = PBXBuildFile; fileRef = F44DE8F51C92C21F008617E6 /* feedResource.swift */; };
		F45344291C982647008378DC /* FeedListController.swift in Sources */ = {isa = PBXBuildFile; fileRef = F45344281C982647008378DC /* FeedListController.swift */; };
		F476FAFF1CA8BC9A00A77F16 /* RecommandCardView.swift in Sources */ = {isa = PBXBuildFile; fileRef = F476FAFE1CA8BC9A00A77F16 /* RecommandCardView.swift */; };
		F47B0C0B1CA56E3D00086B50 /* FavoriteFeedsController.swift in Sources */ = {isa = PBXBuildFile; fileRef = F47B0C0A1CA56E3D00086B50 /* FavoriteFeedsController.swift */; };
		F47CF65C1C9E755700808CCA /* ArticleView.swift in Sources */ = {isa = PBXBuildFile; fileRef = F47CF65B1C9E755700808CCA /* ArticleView.swift */; };
		F48048781C9817A800392827 /* Assets.xcassets in Resources */ = {isa = PBXBuildFile; fileRef = F48048771C9817A800392827 /* Assets.xcassets */; };
		F480C3C71CA1900C00D11BD3 /* ActionView.swift in Sources */ = {isa = PBXBuildFile; fileRef = F480C3C61CA1900C00D11BD3 /* ActionView.swift */; };
		F48FE2EE1CA2198500A190AD /* BaseSwitch.swift in Sources */ = {isa = PBXBuildFile; fileRef = F48FE2ED1CA2198500A190AD /* BaseSwitch.swift */; };
		F4914D501C8EA41300C32743 /* RecommendController.swift in Sources */ = {isa = PBXBuildFile; fileRef = F4914D4F1C8EA41300C32743 /* RecommendController.swift */; };
		F4914D581C8EA71F00C32743 /* NotesViewController.swift in Sources */ = {isa = PBXBuildFile; fileRef = F4914D571C8EA71F00C32743 /* NotesViewController.swift */; };
		F4914D5D1C8EA7B100C32743 /* Notes.storyboard in Resources */ = {isa = PBXBuildFile; fileRef = F4914D5C1C8EA7B100C32743 /* Notes.storyboard */; };
		F49208321CA2B61C00F889FA /* fetchImages.js in Resources */ = {isa = PBXBuildFile; fileRef = F49208311CA2B61C00F889FA /* fetchImages.js */; };
		F49208341CA2C3B200F889FA /* ImageModel.swift in Sources */ = {isa = PBXBuildFile; fileRef = F49208331CA2C3B200F889FA /* ImageModel.swift */; };
		F49A8D3C1C9C392C004553DD /* iReadConstant.swift in Sources */ = {isa = PBXBuildFile; fileRef = F49A8D3B1C9C392C004553DD /* iReadConstant.swift */; };
		F4A331291C96589100AFFC6F /* ITNewsViewController.swift in Sources */ = {isa = PBXBuildFile; fileRef = F4A331281C96589100AFFC6F /* ITNewsViewController.swift */; };
		F4A331321C965B5500AFFC6F /* ITNewsTableViewCell.swift in Sources */ = {isa = PBXBuildFile; fileRef = F4A331311C965B5500AFFC6F /* ITNewsTableViewCell.swift */; };
		F4A331341C96860100AFFC6F /* BaseButton.swift in Sources */ = {isa = PBXBuildFile; fileRef = F4A331331C96860100AFFC6F /* BaseButton.swift */; };
		F4A3918E1C97CEE8006DE0A8 /* iReadAlert.swift in Sources */ = {isa = PBXBuildFile; fileRef = F4A3918D1C97CEE8006DE0A8 /* iReadAlert.swift */; };
		F4AB16F01C882ADF006438D2 /* Profile.storyboard in Resources */ = {isa = PBXBuildFile; fileRef = F4AB16EF1C882ADF006438D2 /* Profile.storyboard */; };
		F4AB16FF1C882BDD006438D2 /* Feeds.storyboard in Resources */ = {isa = PBXBuildFile; fileRef = F4AB16FA1C882BDD006438D2 /* Feeds.storyboard */; };
		F4AB17001C882BDD006438D2 /* FeedsViewController.swift in Sources */ = {isa = PBXBuildFile; fileRef = F4AB16FB1C882BDD006438D2 /* FeedsViewController.swift */; };
		F4AB17011C882BDD006438D2 /* Launch.storyboard in Resources */ = {isa = PBXBuildFile; fileRef = F4AB16FD1C882BDD006438D2 /* Launch.storyboard */; };
		F4AB17021C882BDD006438D2 /* LaunchViewController.swift in Sources */ = {isa = PBXBuildFile; fileRef = F4AB16FE1C882BDD006438D2 /* LaunchViewController.swift */; };
		F4AB17051C882BFD006438D2 /* ProfileViewController.swift in Sources */ = {isa = PBXBuildFile; fileRef = F4AB17041C882BFD006438D2 /* ProfileViewController.swift */; };
		F4C09FF11C8EDD09005ED771 /* RootNavigationController.swift in Sources */ = {isa = PBXBuildFile; fileRef = F4C09FF01C8EDD09005ED771 /* RootNavigationController.swift */; };
		F4C09FF31C8EDD2C005ED771 /* RootTabbarController.swift in Sources */ = {isa = PBXBuildFile; fileRef = F4C09FF21C8EDD2C005ED771 /* RootTabbarController.swift */; };
		F4C09FF61C8EDFB4005ED771 /* iReadHelp.swift in Sources */ = {isa = PBXBuildFile; fileRef = F4C09FF51C8EDFB4005ED771 /* iReadHelp.swift */; };
		F4C3A9501C919F6B001A0D22 /* iReadConfigure.swift in Sources */ = {isa = PBXBuildFile; fileRef = F4C3A94F1C919F6B001A0D22 /* iReadConfigure.swift */; };
		F4C5076B1C919E66003D0AB1 /* FeedStore.swift in Sources */ = {isa = PBXBuildFile; fileRef = F4C5076A1C919E66003D0AB1 /* FeedStore.swift */; };
		F4D1F15E1CA3A11200AC056E /* iReadUserManager.swift in Sources */ = {isa = PBXBuildFile; fileRef = F4D1F15D1CA3A11200AC056E /* iReadUserManager.swift */; };
		F4D1F1661CA3C81800AC056E /* ArticleTopBar.xib in Resources */ = {isa = PBXBuildFile; fileRef = F4D1F1651CA3C81800AC056E /* ArticleTopBar.xib */; };
		F4D1F1681CA3CDDF00AC056E /* ArtileTopBar.swift in Sources */ = {isa = PBXBuildFile; fileRef = F4D1F1671CA3CDDF00AC056E /* ArtileTopBar.swift */; };
		F4D8648E1CA249EF00B13997 /* iReadDateFormatter.swift in Sources */ = {isa = PBXBuildFile; fileRef = F4D8648D1CA249EF00B13997 /* iReadDateFormatter.swift */; };
		FF912B13B8E5D3EBCD95A130 /* Pods_iRead.framework in Frameworks */ = {isa = PBXBuildFile; fileRef = 3BB6339B9D2227A18D1E98EA /* Pods_iRead.framework */; };
/* End PBXBuildFile section */

/* Begin PBXContainerItemProxy section */
		F4181E181C86C3C700E41FBA /* PBXContainerItemProxy */ = {
			isa = PBXContainerItemProxy;
			containerPortal = F4181DFB1C86C3C600E41FBA /* Project object */;
			proxyType = 1;
			remoteGlobalIDString = F4181E021C86C3C600E41FBA;
			remoteInfo = iRead;
		};
		F4181E231C86C3C700E41FBA /* PBXContainerItemProxy */ = {
			isa = PBXContainerItemProxy;
			containerPortal = F4181DFB1C86C3C600E41FBA /* Project object */;
			proxyType = 1;
			remoteGlobalIDString = F4181E021C86C3C600E41FBA;
			remoteInfo = iRead;
		};
/* End PBXContainerItemProxy section */

/* Begin PBXFileReference section */
		3BB6339B9D2227A18D1E98EA /* Pods_iRead.framework */ = {isa = PBXFileReference; explicitFileType = wrapper.framework; includeInIndex = 0; path = Pods_iRead.framework; sourceTree = BUILT_PRODUCTS_DIR; };
		A011587BAD740ED2C70350C0 /* Pods-iRead.debug.xcconfig */ = {isa = PBXFileReference; includeInIndex = 1; lastKnownFileType = text.xcconfig; name = "Pods-iRead.debug.xcconfig"; path = "Pods/Target Support Files/Pods-iRead/Pods-iRead.debug.xcconfig"; sourceTree = "<group>"; };
		ED403498CD8A79BD5E72C4AB /* Pods-iRead.release.xcconfig */ = {isa = PBXFileReference; includeInIndex = 1; lastKnownFileType = text.xcconfig; name = "Pods-iRead.release.xcconfig"; path = "Pods/Target Support Files/Pods-iRead/Pods-iRead.release.xcconfig"; sourceTree = "<group>"; };
		F40C02181C8FE11C00CB3646 /* Recommend.storyboard */ = {isa = PBXFileReference; fileEncoding = 4; lastKnownFileType = file.storyboard; path = Recommend.storyboard; sourceTree = "<group>"; };
		F40C021A1C8FFAEB00CB3646 /* CustomNavigationController.swift */ = {isa = PBXFileReference; fileEncoding = 4; lastKnownFileType = sourcecode.swift; path = CustomNavigationController.swift; sourceTree = "<group>"; };
		F40C021E1C90028B00CB3646 /* UIView+Frame.h */ = {isa = PBXFileReference; fileEncoding = 4; lastKnownFileType = sourcecode.c.h; path = "UIView+Frame.h"; sourceTree = "<group>"; };
		F40C021F1C90028B00CB3646 /* UIView+Frame.m */ = {isa = PBXFileReference; fileEncoding = 4; lastKnownFileType = sourcecode.c.objc; path = "UIView+Frame.m"; sourceTree = "<group>"; };
		F40C02201C90028B00CB3646 /* YZDisplayTitleLabel.h */ = {isa = PBXFileReference; fileEncoding = 4; lastKnownFileType = sourcecode.c.h; path = YZDisplayTitleLabel.h; sourceTree = "<group>"; };
		F40C02211C90028B00CB3646 /* YZDisplayTitleLabel.m */ = {isa = PBXFileReference; fileEncoding = 4; lastKnownFileType = sourcecode.c.objc; path = YZDisplayTitleLabel.m; sourceTree = "<group>"; };
		F40C02221C90028B00CB3646 /* YZDisplayViewController.h */ = {isa = PBXFileReference; fileEncoding = 4; lastKnownFileType = sourcecode.c.h; path = YZDisplayViewController.h; sourceTree = "<group>"; };
		F40C02231C90028B00CB3646 /* YZDisplayViewController.m */ = {isa = PBXFileReference; fileEncoding = 4; lastKnownFileType = sourcecode.c.objc; path = YZDisplayViewController.m; sourceTree = "<group>"; };
		F40C02241C90028B00CB3646 /* YZDisplayViewHeader.h */ = {isa = PBXFileReference; fileEncoding = 4; lastKnownFileType = sourcecode.c.h; path = YZDisplayViewHeader.h; sourceTree = "<group>"; };
		F40C02251C90028B00CB3646 /* YZFlowLayout.h */ = {isa = PBXFileReference; fileEncoding = 4; lastKnownFileType = sourcecode.c.h; path = YZFlowLayout.h; sourceTree = "<group>"; };
		F40C02261C90028B00CB3646 /* YZFlowLayout.m */ = {isa = PBXFileReference; fileEncoding = 4; lastKnownFileType = sourcecode.c.objc; path = YZFlowLayout.m; sourceTree = "<group>"; };
		F40C02331C9003F600CB3646 /* Base */ = {isa = PBXFileReference; lastKnownFileType = file.storyboard; name = Base; path = Base.lproj/Main.storyboard; sourceTree = "<group>"; };
		F40C02351C90043A00CB3646 /* iRead-Bridging-Header.h */ = {isa = PBXFileReference; fileEncoding = 4; lastKnownFileType = sourcecode.c.h; path = "iRead-Bridging-Header.h"; sourceTree = "<group>"; };
		F40C02381C90054D00CB3646 /* ViewControllerA.swift */ = {isa = PBXFileReference; fileEncoding = 4; lastKnownFileType = sourcecode.swift; path = ViewControllerA.swift; sourceTree = "<group>"; };
		F4120AB91C9AAABC00B86DE3 /* NSDate+InternetDateTime.h */ = {isa = PBXFileReference; fileEncoding = 4; lastKnownFileType = sourcecode.c.h; path = "NSDate+InternetDateTime.h"; sourceTree = "<group>"; };
		F4120ABA1C9AAABC00B86DE3 /* NSDate+InternetDateTime.m */ = {isa = PBXFileReference; fileEncoding = 4; lastKnownFileType = sourcecode.c.objc; path = "NSDate+InternetDateTime.m"; sourceTree = "<group>"; };
		F415918C1C9BD3A00034D3C2 /* PageViewController.swift */ = {isa = PBXFileReference; fileEncoding = 4; lastKnownFileType = sourcecode.swift; name = PageViewController.swift; path = ArticleViewController/PageViewController.swift; sourceTree = "<group>"; };
		F415918E1C9BDA330034D3C2 /* Page.storyboard */ = {isa = PBXFileReference; fileEncoding = 4; lastKnownFileType = file.storyboard; path = Page.storyboard; sourceTree = "<group>"; };
		F4181E031C86C3C600E41FBA /* iRead.app */ = {isa = PBXFileReference; explicitFileType = wrapper.application; includeInIndex = 0; path = iRead.app; sourceTree = BUILT_PRODUCTS_DIR; };
		F4181E061C86C3C600E41FBA /* AppDelegate.swift */ = {isa = PBXFileReference; lastKnownFileType = sourcecode.swift; path = AppDelegate.swift; sourceTree = "<group>"; };
		F4181E121C86C3C600E41FBA /* Info.plist */ = {isa = PBXFileReference; lastKnownFileType = text.plist.xml; path = Info.plist; sourceTree = "<group>"; };
		F4181E171C86C3C700E41FBA /* iReadTests.xctest */ = {isa = PBXFileReference; explicitFileType = wrapper.cfbundle; includeInIndex = 0; path = iReadTests.xctest; sourceTree = BUILT_PRODUCTS_DIR; };
		F4181E1B1C86C3C700E41FBA /* iReadTests.swift */ = {isa = PBXFileReference; lastKnownFileType = sourcecode.swift; path = iReadTests.swift; sourceTree = "<group>"; };
		F4181E1D1C86C3C700E41FBA /* Info.plist */ = {isa = PBXFileReference; lastKnownFileType = text.plist.xml; path = Info.plist; sourceTree = "<group>"; };
		F4181E221C86C3C700E41FBA /* iReadUITests.xctest */ = {isa = PBXFileReference; explicitFileType = wrapper.cfbundle; includeInIndex = 0; path = iReadUITests.xctest; sourceTree = BUILT_PRODUCTS_DIR; };
		F4181E261C86C3C700E41FBA /* iReadUITests.swift */ = {isa = PBXFileReference; lastKnownFileType = sourcecode.swift; path = iReadUITests.swift; sourceTree = "<group>"; };
		F4181E281C86C3C700E41FBA /* Info.plist */ = {isa = PBXFileReference; lastKnownFileType = text.plist.xml; path = Info.plist; sourceTree = "<group>"; };
		F42A63641C9A8E0C0099CB7A /* BaseCardView.swift */ = {isa = PBXFileReference; fileEncoding = 4; lastKnownFileType = sourcecode.swift; path = BaseCardView.swift; sourceTree = "<group>"; };
		F42C03351C9A4B9000B27F45 /* BaseCollectionView.swift */ = {isa = PBXFileReference; fileEncoding = 4; lastKnownFileType = sourcecode.swift; path = BaseCollectionView.swift; sourceTree = "<group>"; };
		F42C03371C9A4E6900B27F45 /* BaseCollectionViewCell.swift */ = {isa = PBXFileReference; fileEncoding = 4; lastKnownFileType = sourcecode.swift; path = BaseCollectionViewCell.swift; sourceTree = "<group>"; };
		F42E984F1C925DED00A1E602 /* ConcurrentOpeartion.swift */ = {isa = PBXFileReference; fileEncoding = 4; lastKnownFileType = sourcecode.swift; path = ConcurrentOpeartion.swift; sourceTree = "<group>"; };
		F42E98511C92601400A1E602 /* FeedModel.swift */ = {isa = PBXFileReference; fileEncoding = 4; lastKnownFileType = sourcecode.swift; path = FeedModel.swift; sourceTree = "<group>"; };
		F42E98541C92689100A1E602 /* iReadNetwork.swift */ = {isa = PBXFileReference; fileEncoding = 4; lastKnownFileType = sourcecode.swift; path = iReadNetwork.swift; sourceTree = "<group>"; };
		F42E98561C92720900A1E602 /* FeedManager.swift */ = {isa = PBXFileReference; fileEncoding = 4; lastKnownFileType = sourcecode.swift; path = FeedManager.swift; sourceTree = "<group>"; };
		F42E98581C9276AF00A1E602 /* FeedParseOperation.swift */ = {isa = PBXFileReference; fileEncoding = 4; lastKnownFileType = sourcecode.swift; path = FeedParseOperation.swift; sourceTree = "<group>"; };
		F42E985A1C9276D100A1E602 /* FeedFetchOperation.swift */ = {isa = PBXFileReference; fileEncoding = 4; lastKnownFileType = sourcecode.swift; path = FeedFetchOperation.swift; sourceTree = "<group>"; };
		F42E985C1C92770600A1E602 /* FeedModelsProvider.swift */ = {isa = PBXFileReference; fileEncoding = 4; lastKnownFileType = sourcecode.swift; path = FeedModelsProvider.swift; sourceTree = "<group>"; };
		F42E98601C927F2100A1E602 /* iReadString.swift */ = {isa = PBXFileReference; fileEncoding = 4; lastKnownFileType = sourcecode.swift; path = iReadString.swift; sourceTree = "<group>"; };
		F431A57E1CA62F85007589E9 /* TechStudyController.swift */ = {isa = PBXFileReference; fileEncoding = 4; lastKnownFileType = sourcecode.swift; path = TechStudyController.swift; sourceTree = "<group>"; };
		F431A5801CA62FB9007589E9 /* RecommendBaseController.swift */ = {isa = PBXFileReference; fileEncoding = 4; lastKnownFileType = sourcecode.swift; path = RecommendBaseController.swift; sourceTree = "<group>"; };
		F431A5841CA6B8DC007589E9 /* FeedBaseTableViewCell.swift */ = {isa = PBXFileReference; fileEncoding = 4; lastKnownFileType = sourcecode.swift; name = FeedBaseTableViewCell.swift; path = FeedBaseTableCell/FeedBaseTableViewCell.swift; sourceTree = "<group>"; };
		F43AD7141C90F8FE001ED543 /* iReadTest.playground */ = {isa = PBXFileReference; lastKnownFileType = file.playground; path = iReadTest.playground; sourceTree = "<group>"; };
		F445DD891C9BA68600B4DA71 /* ArticleViewController.swift */ = {isa = PBXFileReference; fileEncoding = 4; lastKnownFileType = sourcecode.swift; name = ArticleViewController.swift; path = ArticleViewController/ArticleViewController.swift; sourceTree = "<group>"; };
		F4495E631C9FABDE00E75463 /* iReadWebConfiguration.swift */ = {isa = PBXFileReference; fileEncoding = 4; lastKnownFileType = sourcecode.swift; name = iReadWebConfiguration.swift; path = Network/iReadWebConfiguration.swift; sourceTree = "<group>"; };
		F4495E661CA0161400E75463 /* img.js */ = {isa = PBXFileReference; fileEncoding = 4; lastKnownFileType = sourcecode.javascript; path = img.js; sourceTree = "<group>"; };
		F4495E681CA02AC200E75463 /* style.js */ = {isa = PBXFileReference; fileEncoding = 4; lastKnownFileType = sourcecode.javascript; path = style.js; sourceTree = "<group>"; };
		F44B0B6A1CA537CC00DDE1E9 /* FeedsTitleView.swift */ = {isa = PBXFileReference; fileEncoding = 4; lastKnownFileType = sourcecode.swift; name = FeedsTitleView.swift; path = FeedsTitleView/FeedsTitleView.swift; sourceTree = "<group>"; };
		F44B0B6D1CA54AE500DDE1E9 /* PCAngularActivityIndicatorView.h */ = {isa = PBXFileReference; fileEncoding = 4; lastKnownFileType = sourcecode.c.h; path = PCAngularActivityIndicatorView.h; sourceTree = "<group>"; };
		F44B0B6E1CA54AE500DDE1E9 /* PCAngularActivityIndicatorView.m */ = {isa = PBXFileReference; fileEncoding = 4; lastKnownFileType = sourcecode.c.objc; path = PCAngularActivityIndicatorView.m; sourceTree = "<group>"; };
		F44B0B731CA54B7A00DDE1E9 /* iReadLoadView.swift */ = {isa = PBXFileReference; fileEncoding = 4; lastKnownFileType = sourcecode.swift; path = iReadLoadView.swift; sourceTree = "<group>"; };
		F44DE8F11C92BEEE008617E6 /* feeds.plist */ = {isa = PBXFileReference; fileEncoding = 4; lastKnownFileType = text.plist.xml; path = feeds.plist; sourceTree = "<group>"; };
		F44DE8F51C92C21F008617E6 /* feedResource.swift */ = {isa = PBXFileReference; fileEncoding = 4; lastKnownFileType = sourcecode.swift; path = feedResource.swift; sourceTree = "<group>"; };
		F45344281C982647008378DC /* FeedListController.swift */ = {isa = PBXFileReference; fileEncoding = 4; lastKnownFileType = sourcecode.swift; name = FeedListController.swift; path = FeedListController/FeedListController.swift; sourceTree = "<group>"; };
		F476FAFE1CA8BC9A00A77F16 /* RecommandCardView.swift */ = {isa = PBXFileReference; fileEncoding = 4; lastKnownFileType = sourcecode.swift; path = RecommandCardView.swift; sourceTree = "<group>"; };
		F47B0C0A1CA56E3D00086B50 /* FavoriteFeedsController.swift */ = {isa = PBXFileReference; fileEncoding = 4; lastKnownFileType = sourcecode.swift; path = FavoriteFeedsController.swift; sourceTree = "<group>"; };
		F47CF65B1C9E755700808CCA /* ArticleView.swift */ = {isa = PBXFileReference; fileEncoding = 4; lastKnownFileType = sourcecode.swift; path = ArticleView.swift; sourceTree = "<group>"; };
		F48048771C9817A800392827 /* Assets.xcassets */ = {isa = PBXFileReference; lastKnownFileType = folder.assetcatalog; path = Assets.xcassets; sourceTree = "<group>"; };
		F480C3C61CA1900C00D11BD3 /* ActionView.swift */ = {isa = PBXFileReference; fileEncoding = 4; lastKnownFileType = sourcecode.swift; path = ActionView.swift; sourceTree = "<group>"; };
		F48FE2ED1CA2198500A190AD /* BaseSwitch.swift */ = {isa = PBXFileReference; fileEncoding = 4; lastKnownFileType = sourcecode.swift; path = BaseSwitch.swift; sourceTree = "<group>"; };
		F4914D4F1C8EA41300C32743 /* RecommendController.swift */ = {isa = PBXFileReference; fileEncoding = 4; lastKnownFileType = sourcecode.swift; path = RecommendController.swift; sourceTree = "<group>"; };
		F4914D571C8EA71F00C32743 /* NotesViewController.swift */ = {isa = PBXFileReference; fileEncoding = 4; lastKnownFileType = sourcecode.swift; path = NotesViewController.swift; sourceTree = "<group>"; };
		F4914D5C1C8EA7B100C32743 /* Notes.storyboard */ = {isa = PBXFileReference; fileEncoding = 4; lastKnownFileType = file.storyboard; path = Notes.storyboard; sourceTree = "<group>"; };
		F49208311CA2B61C00F889FA /* fetchImages.js */ = {isa = PBXFileReference; fileEncoding = 4; lastKnownFileType = sourcecode.javascript; path = fetchImages.js; sourceTree = "<group>"; };
		F49208331CA2C3B200F889FA /* ImageModel.swift */ = {isa = PBXFileReference; fileEncoding = 4; lastKnownFileType = sourcecode.swift; path = ImageModel.swift; sourceTree = "<group>"; };
		F49A8D061C9C2C14004553DD /* DTFoundation.framework */ = {isa = PBXFileReference; lastKnownFileType = wrapper.framework; name = DTFoundation.framework; path = "Pods/../build/Debug-iphoneos/DTFoundation/DTFoundation.framework"; sourceTree = "<group>"; };
		F49A8D261C9C2F97004553DD /* libDTFoundation.a */ = {isa = PBXFileReference; lastKnownFileType = archive.ar; name = libDTFoundation.a; path = "Externals/DTCoreText/Externals/DTFoundation/build/Debug-iphoneos/libDTFoundation.a"; sourceTree = "<group>"; };
		F49A8D301C9C2FB3004553DD /* libDTFoundation.a */ = {isa = PBXFileReference; lastKnownFileType = archive.ar; name = libDTFoundation.a; path = "Externals/DTCoreText/Externals/DTFoundation/build/Debug-iphoneos/libDTFoundation.a"; sourceTree = "<group>"; };
		F49A8D321C9C2FC4004553DD /* DTFoundation.framework */ = {isa = PBXFileReference; lastKnownFileType = wrapper.framework; name = DTFoundation.framework; path = "Externals/DTCoreText/Externals/DTFoundation/build/Debug-iphoneos/DTFoundation.framework"; sourceTree = "<group>"; };
		F49A8D351C9C3013004553DD /* libDTHTMLParser_iOS.a */ = {isa = PBXFileReference; lastKnownFileType = archive.ar; name = libDTHTMLParser_iOS.a; path = "Externals/DTCoreText/Externals/DTFoundation/build/Debug-iphoneos/libDTHTMLParser_iOS.a"; sourceTree = "<group>"; };
		F49A8D371C9C301A004553DD /* libDTFoundation.a */ = {isa = PBXFileReference; lastKnownFileType = archive.ar; name = libDTFoundation.a; path = "Externals/DTCoreText/Externals/DTFoundation/build/Debug-iphoneos/libDTFoundation.a"; sourceTree = "<group>"; };
		F49A8D3B1C9C392C004553DD /* iReadConstant.swift */ = {isa = PBXFileReference; fileEncoding = 4; lastKnownFileType = sourcecode.swift; path = iReadConstant.swift; sourceTree = "<group>"; };
		F4A331281C96589100AFFC6F /* ITNewsViewController.swift */ = {isa = PBXFileReference; fileEncoding = 4; lastKnownFileType = sourcecode.swift; path = ITNewsViewController.swift; sourceTree = "<group>"; };
		F4A331311C965B5500AFFC6F /* ITNewsTableViewCell.swift */ = {isa = PBXFileReference; fileEncoding = 4; lastKnownFileType = sourcecode.swift; path = ITNewsTableViewCell.swift; sourceTree = "<group>"; };
		F4A331331C96860100AFFC6F /* BaseButton.swift */ = {isa = PBXFileReference; fileEncoding = 4; lastKnownFileType = sourcecode.swift; name = BaseButton.swift; path = ITNewsView/BaseButton.swift; sourceTree = "<group>"; };
		F4A3918D1C97CEE8006DE0A8 /* iReadAlert.swift */ = {isa = PBXFileReference; fileEncoding = 4; lastKnownFileType = sourcecode.swift; path = iReadAlert.swift; sourceTree = "<group>"; };
		F4AB16EF1C882ADF006438D2 /* Profile.storyboard */ = {isa = PBXFileReference; fileEncoding = 4; lastKnownFileType = file.storyboard; path = Profile.storyboard; sourceTree = "<group>"; };
		F4AB16FA1C882BDD006438D2 /* Feeds.storyboard */ = {isa = PBXFileReference; fileEncoding = 4; lastKnownFileType = file.storyboard; path = Feeds.storyboard; sourceTree = "<group>"; };
		F4AB16FB1C882BDD006438D2 /* FeedsViewController.swift */ = {isa = PBXFileReference; fileEncoding = 4; lastKnownFileType = sourcecode.swift; path = FeedsViewController.swift; sourceTree = "<group>"; };
		F4AB16FD1C882BDD006438D2 /* Launch.storyboard */ = {isa = PBXFileReference; fileEncoding = 4; lastKnownFileType = file.storyboard; path = Launch.storyboard; sourceTree = "<group>"; };
		F4AB16FE1C882BDD006438D2 /* LaunchViewController.swift */ = {isa = PBXFileReference; fileEncoding = 4; lastKnownFileType = sourcecode.swift; path = LaunchViewController.swift; sourceTree = "<group>"; };
		F4AB17041C882BFD006438D2 /* ProfileViewController.swift */ = {isa = PBXFileReference; fileEncoding = 4; lastKnownFileType = sourcecode.swift; path = ProfileViewController.swift; sourceTree = "<group>"; };
		F4BA96E71C9CDE700082728C /* DTFoundation.framework */ = {isa = PBXFileReference; lastKnownFileType = wrapper.framework; name = DTFoundation.framework; path = "Externals/DTCoreText/Externals/DTFoundation/build/Debug-iphoneos/DTFoundation.framework"; sourceTree = "<group>"; };
		F4BA96E91C9CDE880082728C /* DTFoundation.framework */ = {isa = PBXFileReference; lastKnownFileType = wrapper.framework; name = DTFoundation.framework; path = "Externals/DTCoreText/Externals/DTFoundation/build/Debug-iphoneos/DTFoundation.framework"; sourceTree = "<group>"; };
		F4BA96EC1C9CFCBC0082728C /* DTFoundation.framework */ = {isa = PBXFileReference; lastKnownFileType = wrapper.framework; name = DTFoundation.framework; path = "Externals/DTCoreText/Externals/DTFoundation/build/Debug-iphoneos/DTFoundation.framework"; sourceTree = "<group>"; };
		F4C09FF01C8EDD09005ED771 /* RootNavigationController.swift */ = {isa = PBXFileReference; fileEncoding = 4; lastKnownFileType = sourcecode.swift; path = RootNavigationController.swift; sourceTree = "<group>"; };
		F4C09FF21C8EDD2C005ED771 /* RootTabbarController.swift */ = {isa = PBXFileReference; fileEncoding = 4; lastKnownFileType = sourcecode.swift; path = RootTabbarController.swift; sourceTree = "<group>"; };
		F4C09FF51C8EDFB4005ED771 /* iReadHelp.swift */ = {isa = PBXFileReference; fileEncoding = 4; lastKnownFileType = sourcecode.swift; path = iReadHelp.swift; sourceTree = "<group>"; };
		F4C3A94F1C919F6B001A0D22 /* iReadConfigure.swift */ = {isa = PBXFileReference; fileEncoding = 4; lastKnownFileType = sourcecode.swift; path = iReadConfigure.swift; sourceTree = "<group>"; };
		F4C4047E1C9D57FE00F76ED8 /* DTFoundation.framework */ = {isa = PBXFileReference; lastKnownFileType = wrapper.framework; name = DTFoundation.framework; path = "Externals/DTCoreText/Externals/DTFoundation/build/Debug-iphoneos/DTFoundation.framework"; sourceTree = "<group>"; };
		F4C404801C9D580600F76ED8 /* libDTFoundation.a */ = {isa = PBXFileReference; lastKnownFileType = archive.ar; name = libDTFoundation.a; path = "Externals/DTCoreText/Externals/DTFoundation/build/Debug-iphoneos/libDTFoundation.a"; sourceTree = "<group>"; };
		F4C404841C9D587500F76ED8 /* DTFoundation.framework */ = {isa = PBXFileReference; lastKnownFileType = wrapper.framework; name = DTFoundation.framework; path = "Externals/DTCoreText/Externals/DTFoundation/build/Debug-iphoneos/DTFoundation.framework"; sourceTree = "<group>"; };
		F4C404881C9D588C00F76ED8 /* libDTFoundation.a */ = {isa = PBXFileReference; lastKnownFileType = archive.ar; name = libDTFoundation.a; path = "Externals/DTCoreText/Externals/DTFoundation/build/Debug-iphoneos/libDTFoundation.a"; sourceTree = "<group>"; };
		F4C5076A1C919E66003D0AB1 /* FeedStore.swift */ = {isa = PBXFileReference; fileEncoding = 4; lastKnownFileType = sourcecode.swift; path = FeedStore.swift; sourceTree = "<group>"; };
		F4D1F15D1CA3A11200AC056E /* iReadUserManager.swift */ = {isa = PBXFileReference; fileEncoding = 4; lastKnownFileType = sourcecode.swift; path = iReadUserManager.swift; sourceTree = "<group>"; };
		F4D1F1651CA3C81800AC056E /* ArticleTopBar.xib */ = {isa = PBXFileReference; fileEncoding = 4; lastKnownFileType = file.xib; path = ArticleTopBar.xib; sourceTree = "<group>"; };
		F4D1F1671CA3CDDF00AC056E /* ArtileTopBar.swift */ = {isa = PBXFileReference; fileEncoding = 4; lastKnownFileType = sourcecode.swift; path = ArtileTopBar.swift; sourceTree = "<group>"; };
		F4D8648D1CA249EF00B13997 /* iReadDateFormatter.swift */ = {isa = PBXFileReference; fileEncoding = 4; lastKnownFileType = sourcecode.swift; path = iReadDateFormatter.swift; sourceTree = "<group>"; };
/* End PBXFileReference section */

/* Begin PBXFrameworksBuildPhase section */
		F4181E001C86C3C600E41FBA /* Frameworks */ = {
			isa = PBXFrameworksBuildPhase;
			buildActionMask = 2147483647;
			files = (
				FF912B13B8E5D3EBCD95A130 /* Pods_iRead.framework in Frameworks */,
			);
			runOnlyForDeploymentPostprocessing = 0;
		};
		F4181E141C86C3C700E41FBA /* Frameworks */ = {
			isa = PBXFrameworksBuildPhase;
			buildActionMask = 2147483647;
			files = (
			);
			runOnlyForDeploymentPostprocessing = 0;
		};
		F4181E1F1C86C3C700E41FBA /* Frameworks */ = {
			isa = PBXFrameworksBuildPhase;
			buildActionMask = 2147483647;
			files = (
			);
			runOnlyForDeploymentPostprocessing = 0;
		};
/* End PBXFrameworksBuildPhase section */

/* Begin PBXGroup section */
		36E653526F213FC170FAF8C7 /* Frameworks */ = {
			isa = PBXGroup;
			children = (
				F4C404881C9D588C00F76ED8 /* libDTFoundation.a */,
				F4C404841C9D587500F76ED8 /* DTFoundation.framework */,
				F4C404801C9D580600F76ED8 /* libDTFoundation.a */,
				F4C4047E1C9D57FE00F76ED8 /* DTFoundation.framework */,
				F4BA96EC1C9CFCBC0082728C /* DTFoundation.framework */,
				F4BA96E91C9CDE880082728C /* DTFoundation.framework */,
				F4BA96E71C9CDE700082728C /* DTFoundation.framework */,
				F49A8D371C9C301A004553DD /* libDTFoundation.a */,
				F49A8D351C9C3013004553DD /* libDTHTMLParser_iOS.a */,
				F49A8D321C9C2FC4004553DD /* DTFoundation.framework */,
				F49A8D301C9C2FB3004553DD /* libDTFoundation.a */,
				F49A8D261C9C2F97004553DD /* libDTFoundation.a */,
				F49A8D061C9C2C14004553DD /* DTFoundation.framework */,
				3BB6339B9D2227A18D1E98EA /* Pods_iRead.framework */,
			);
			name = Frameworks;
			sourceTree = "<group>";
		};
		E4E5C54F549C38CB30DCB2DE /* Pods */ = {
			isa = PBXGroup;
			children = (
				A011587BAD740ED2C70350C0 /* Pods-iRead.debug.xcconfig */,
				ED403498CD8A79BD5E72C4AB /* Pods-iRead.release.xcconfig */,
			);
			name = Pods;
			sourceTree = "<group>";
		};
		F40C021C1C90025800CB3646 /* Vendor */ = {
			isa = PBXGroup;
			children = (
				F44B0B6C1CA54AD900DDE1E9 /* Loader */,
				F4120AB81C9AAAB100B86DE3 /* DateTranslation */,
				F40C021D1C90028B00CB3646 /* YZDisplayViewController */,
			);
			path = Vendor;
			sourceTree = "<group>";
		};
		F40C021D1C90028B00CB3646 /* YZDisplayViewController */ = {
			isa = PBXGroup;
			children = (
				F40C021E1C90028B00CB3646 /* UIView+Frame.h */,
				F40C021F1C90028B00CB3646 /* UIView+Frame.m */,
				F40C02201C90028B00CB3646 /* YZDisplayTitleLabel.h */,
				F40C02211C90028B00CB3646 /* YZDisplayTitleLabel.m */,
				F40C02221C90028B00CB3646 /* YZDisplayViewController.h */,
				F40C02231C90028B00CB3646 /* YZDisplayViewController.m */,
				F40C02241C90028B00CB3646 /* YZDisplayViewHeader.h */,
				F40C02251C90028B00CB3646 /* YZFlowLayout.h */,
				F40C02261C90028B00CB3646 /* YZFlowLayout.m */,
			);
			path = YZDisplayViewController;
			sourceTree = "<group>";
		};
		F4120AB81C9AAAB100B86DE3 /* DateTranslation */ = {
			isa = PBXGroup;
			children = (
				F4120AB91C9AAABC00B86DE3 /* NSDate+InternetDateTime.h */,
				F4120ABA1C9AAABC00B86DE3 /* NSDate+InternetDateTime.m */,
			);
			name = DateTranslation;
			sourceTree = "<group>";
		};
		F41591D01C9C1B070034D3C2 /* ArticleView */ = {
			isa = PBXGroup;
			children = (
				F47CF65B1C9E755700808CCA /* ArticleView.swift */,
			);
			name = ArticleView;
			sourceTree = "<group>";
		};
		F4181DFA1C86C3C600E41FBA = {
			isa = PBXGroup;
			children = (
				F4181E051C86C3C600E41FBA /* iRead */,
				F4181E1A1C86C3C700E41FBA /* iReadTests */,
				F4181E251C86C3C700E41FBA /* iReadUITests */,
				F4181E041C86C3C600E41FBA /* Products */,
				E4E5C54F549C38CB30DCB2DE /* Pods */,
				36E653526F213FC170FAF8C7 /* Frameworks */,
			);
			sourceTree = "<group>";
		};
		F4181E041C86C3C600E41FBA /* Products */ = {
			isa = PBXGroup;
			children = (
				F4181E031C86C3C600E41FBA /* iRead.app */,
				F4181E171C86C3C700E41FBA /* iReadTests.xctest */,
				F4181E221C86C3C700E41FBA /* iReadUITests.xctest */,
			);
			name = Products;
			sourceTree = "<group>";
		};
		F4181E051C86C3C600E41FBA /* iRead */ = {
			isa = PBXGroup;
			children = (
				F42E98531C92687900A1E602 /* Network */,
				F40C021C1C90025800CB3646 /* Vendor */,
				F4C09FF41C8EDF96005ED771 /* Help */,
				F4914D4D1C8EA18900C32743 /* Resource */,
				F4A52C631C8E5D6C009F6530 /* Extension */,
				F449BDDF1C8D98A70072C783 /* Configure */,
				F4AB16F81C882BDD006438D2 /* ViewControllers */,
				F4181E341C86C68E00E41FBA /* Models */,
				F4181E371C86C68E00E41FBA /* Views */,
				F4181E061C86C3C600E41FBA /* AppDelegate.swift */,
				F48048771C9817A800392827 /* Assets.xcassets */,
				F40C02351C90043A00CB3646 /* iRead-Bridging-Header.h */,
				F43AD7141C90F8FE001ED543 /* iReadTest.playground */,
				F40C02321C9003F600CB3646 /* Main.storyboard */,
				F4181E121C86C3C600E41FBA /* Info.plist */,
			);
			path = iRead;
			sourceTree = "<group>";
		};
		F4181E1A1C86C3C700E41FBA /* iReadTests */ = {
			isa = PBXGroup;
			children = (
				F4181E1B1C86C3C700E41FBA /* iReadTests.swift */,
				F4181E1D1C86C3C700E41FBA /* Info.plist */,
			);
			path = iReadTests;
			sourceTree = "<group>";
		};
		F4181E251C86C3C700E41FBA /* iReadUITests */ = {
			isa = PBXGroup;
			children = (
				F4181E261C86C3C700E41FBA /* iReadUITests.swift */,
				F4181E281C86C3C700E41FBA /* Info.plist */,
			);
			path = iReadUITests;
			sourceTree = "<group>";
		};
		F4181E341C86C68E00E41FBA /* Models */ = {
			isa = PBXGroup;
			children = (
				F42E984F1C925DED00A1E602 /* ConcurrentOpeartion.swift */,
				F4C5076A1C919E66003D0AB1 /* FeedStore.swift */,
				F42E98561C92720900A1E602 /* FeedManager.swift */,
				F42E98511C92601400A1E602 /* FeedModel.swift */,
				F42E98581C9276AF00A1E602 /* FeedParseOperation.swift */,
				F42E985A1C9276D100A1E602 /* FeedFetchOperation.swift */,
				F42E985C1C92770600A1E602 /* FeedModelsProvider.swift */,
				F49208331CA2C3B200F889FA /* ImageModel.swift */,
			);
			path = Models;
			sourceTree = "<group>";
		};
		F4181E371C86C68E00E41FBA /* Views */ = {
			isa = PBXGroup;
			children = (
				F476FAFD1CA8BC5E00A77F16 /* RecommendCardView */,
				F44B0B721CA54B7A00DDE1E9 /* LoadView */,
				F44B0B691CA5377C00DDE1E9 /* FeedsTitleView */,
				F4D1F1641CA3C81800AC056E /* ArticleTopBar */,
				F480C3C51CA18FD100D11BD3 /* MenuView */,
				F41591D01C9C1B070034D3C2 /* ArticleView */,
				F4A331301C965B2800AFFC6F /* ITNewsView */,
				F42C03351C9A4B9000B27F45 /* BaseCollectionView.swift */,
				F4A331331C96860100AFFC6F /* BaseButton.swift */,
				F42C03371C9A4E6900B27F45 /* BaseCollectionViewCell.swift */,
				F42A63641C9A8E0C0099CB7A /* BaseCardView.swift */,
				F48FE2ED1CA2198500A190AD /* BaseSwitch.swift */,
				F431A5841CA6B8DC007589E9 /* FeedBaseTableViewCell.swift */,
			);
			path = Views;
			sourceTree = "<group>";
		};
		F42E98531C92687900A1E602 /* Network */ = {
			isa = PBXGroup;
			children = (
				F42E98541C92689100A1E602 /* iReadNetwork.swift */,
				F4495E631C9FABDE00E75463 /* iReadWebConfiguration.swift */,
			);
			name = Network;
			sourceTree = "<group>";
		};
		F445DD881C9BA64E00B4DA71 /* ArticleViewController */ = {
			isa = PBXGroup;
			children = (
				F445DD891C9BA68600B4DA71 /* ArticleViewController.swift */,
				F415918C1C9BD3A00034D3C2 /* PageViewController.swift */,
				F415918E1C9BDA330034D3C2 /* Page.storyboard */,
			);
			name = ArticleViewController;
			sourceTree = "<group>";
		};
		F449BDDF1C8D98A70072C783 /* Configure */ = {
			isa = PBXGroup;
			children = (
				F4C3A94F1C919F6B001A0D22 /* iReadConfigure.swift */,
			);
			path = Configure;
			sourceTree = "<group>";
		};
		F44B0B691CA5377C00DDE1E9 /* FeedsTitleView */ = {
			isa = PBXGroup;
			children = (
				F44B0B6A1CA537CC00DDE1E9 /* FeedsTitleView.swift */,
			);
			name = FeedsTitleView;
			sourceTree = "<group>";
		};
		F44B0B6C1CA54AD900DDE1E9 /* Loader */ = {
			isa = PBXGroup;
			children = (
				F44B0B6D1CA54AE500DDE1E9 /* PCAngularActivityIndicatorView.h */,
				F44B0B6E1CA54AE500DDE1E9 /* PCAngularActivityIndicatorView.m */,
			);
			name = Loader;
			sourceTree = "<group>";
		};
		F44B0B721CA54B7A00DDE1E9 /* LoadView */ = {
			isa = PBXGroup;
			children = (
				F44B0B731CA54B7A00DDE1E9 /* iReadLoadView.swift */,
			);
			path = LoadView;
			sourceTree = "<group>";
		};
		F45344271C982575008378DC /* FeedListController */ = {
			isa = PBXGroup;
			children = (
				F45344281C982647008378DC /* FeedListController.swift */,
			);
			name = FeedListController;
			sourceTree = "<group>";
		};
		F476FAFD1CA8BC5E00A77F16 /* RecommendCardView */ = {
			isa = PBXGroup;
			children = (
				F476FAFE1CA8BC9A00A77F16 /* RecommandCardView.swift */,
			);
			path = RecommendCardView;
			sourceTree = "<group>";
		};
		F480C3C51CA18FD100D11BD3 /* MenuView */ = {
			isa = PBXGroup;
			children = (
				F480C3C61CA1900C00D11BD3 /* ActionView.swift */,
			);
			path = MenuView;
			sourceTree = "<group>";
		};
		F4914D4D1C8EA18900C32743 /* Resource */ = {
			isa = PBXGroup;
			children = (
				F4495E681CA02AC200E75463 /* style.js */,
				F49208311CA2B61C00F889FA /* fetchImages.js */,
				F4495E661CA0161400E75463 /* img.js */,
				F44DE8F11C92BEEE008617E6 /* feeds.plist */,
				F44DE8F51C92C21F008617E6 /* feedResource.swift */,
			);
			path = Resource;
			sourceTree = "<group>";
		};
		F4914D4E1C8EA3D100C32743 /* RecommendController */ = {
			isa = PBXGroup;
			children = (
				F40C02181C8FE11C00CB3646 /* Recommend.storyboard */,
				F4914D4F1C8EA41300C32743 /* RecommendController.swift */,
				F40C02381C90054D00CB3646 /* ViewControllerA.swift */,
				F4A331281C96589100AFFC6F /* ITNewsViewController.swift */,
				F431A5801CA62FB9007589E9 /* RecommendBaseController.swift */,
				F431A57E1CA62F85007589E9 /* TechStudyController.swift */,
			);
			path = RecommendController;
			sourceTree = "<group>";
		};
		F4914D561C8EA70500C32743 /* NotesViewController */ = {
			isa = PBXGroup;
			children = (
				F4914D5C1C8EA7B100C32743 /* Notes.storyboard */,
				F4914D571C8EA71F00C32743 /* NotesViewController.swift */,
			);
			path = NotesViewController;
			sourceTree = "<group>";
		};
		F4A331301C965B2800AFFC6F /* ITNewsView */ = {
			isa = PBXGroup;
			children = (
				F4A331311C965B5500AFFC6F /* ITNewsTableViewCell.swift */,
			);
			path = ITNewsView;
			sourceTree = "<group>";
		};
		F4A52C631C8E5D6C009F6530 /* Extension */ = {
			isa = PBXGroup;
			children = (
				F42E98601C927F2100A1E602 /* iReadString.swift */,
			);
			path = Extension;
			sourceTree = "<group>";
		};
		F4AB16F81C882BDD006438D2 /* ViewControllers */ = {
			isa = PBXGroup;
			children = (
				F445DD881C9BA64E00B4DA71 /* ArticleViewController */,
				F45344271C982575008378DC /* FeedListController */,
				F4C09FEF1C8EDCD9005ED771 /* TabbarController */,
				F4C09FEE1C8EDCC7005ED771 /* NavigationController */,
				F4914D561C8EA70500C32743 /* NotesViewController */,
				F4914D4E1C8EA3D100C32743 /* RecommendController */,
				F4AB17031C882BE8006438D2 /* ProfileViewController */,
				F4AB16F91C882BDD006438D2 /* FeedsViewController */,
				F4AB16FC1C882BDD006438D2 /* LaunchViewController */,
			);
			path = ViewControllers;
			sourceTree = "<group>";
		};
		F4AB16F91C882BDD006438D2 /* FeedsViewController */ = {
			isa = PBXGroup;
			children = (
				F4AB16FA1C882BDD006438D2 /* Feeds.storyboard */,
				F4AB16FB1C882BDD006438D2 /* FeedsViewController.swift */,
				F47B0C0A1CA56E3D00086B50 /* FavoriteFeedsController.swift */,
			);
			path = FeedsViewController;
			sourceTree = "<group>";
		};
		F4AB16FC1C882BDD006438D2 /* LaunchViewController */ = {
			isa = PBXGroup;
			children = (
				F4AB16FD1C882BDD006438D2 /* Launch.storyboard */,
				F4AB16FE1C882BDD006438D2 /* LaunchViewController.swift */,
			);
			path = LaunchViewController;
			sourceTree = "<group>";
		};
		F4AB17031C882BE8006438D2 /* ProfileViewController */ = {
			isa = PBXGroup;
			children = (
				F4AB16EF1C882ADF006438D2 /* Profile.storyboard */,
				F4AB17041C882BFD006438D2 /* ProfileViewController.swift */,
			);
			path = ProfileViewController;
			sourceTree = "<group>";
		};
		F4C09FEE1C8EDCC7005ED771 /* NavigationController */ = {
			isa = PBXGroup;
			children = (
				F4C09FF01C8EDD09005ED771 /* RootNavigationController.swift */,
				F40C021A1C8FFAEB00CB3646 /* CustomNavigationController.swift */,
			);
			path = NavigationController;
			sourceTree = "<group>";
		};
		F4C09FEF1C8EDCD9005ED771 /* TabbarController */ = {
			isa = PBXGroup;
			children = (
				F4C09FF21C8EDD2C005ED771 /* RootTabbarController.swift */,
			);
			path = TabbarController;
			sourceTree = "<group>";
		};
		F4C09FF41C8EDF96005ED771 /* Help */ = {
			isa = PBXGroup;
			children = (
				F4C09FF51C8EDFB4005ED771 /* iReadHelp.swift */,
				F4A3918D1C97CEE8006DE0A8 /* iReadAlert.swift */,
				F49A8D3B1C9C392C004553DD /* iReadConstant.swift */,
				F4D8648D1CA249EF00B13997 /* iReadDateFormatter.swift */,
				F4D1F15D1CA3A11200AC056E /* iReadUserManager.swift */,
			);
			path = Help;
			sourceTree = "<group>";
		};
		F4D1F1641CA3C81800AC056E /* ArticleTopBar */ = {
			isa = PBXGroup;
			children = (
				F4D1F1651CA3C81800AC056E /* ArticleTopBar.xib */,
				F4D1F1671CA3CDDF00AC056E /* ArtileTopBar.swift */,
			);
			path = ArticleTopBar;
			sourceTree = "<group>";
		};
/* End PBXGroup section */

/* Begin PBXNativeTarget section */
		F4181E021C86C3C600E41FBA /* iRead */ = {
			isa = PBXNativeTarget;
			buildConfigurationList = F4181E2B1C86C3C700E41FBA /* Build configuration list for PBXNativeTarget "iRead" */;
			buildPhases = (
				B262DAE5181A153EFFB8EE58 /* Check Pods Manifest.lock */,
				F4181DFF1C86C3C600E41FBA /* Sources */,
				F4181E001C86C3C600E41FBA /* Frameworks */,
				F4181E011C86C3C600E41FBA /* Resources */,
				3B42B976E8C6450EEBBE83EB /* Embed Pods Frameworks */,
				08F3B37C6045123510F15B87 /* Copy Pods Resources */,
			);
			buildRules = (
			);
			dependencies = (
			);
			name = iRead;
			productName = iRead;
			productReference = F4181E031C86C3C600E41FBA /* iRead.app */;
			productType = "com.apple.product-type.application";
		};
		F4181E161C86C3C700E41FBA /* iReadTests */ = {
			isa = PBXNativeTarget;
			buildConfigurationList = F4181E2E1C86C3C700E41FBA /* Build configuration list for PBXNativeTarget "iReadTests" */;
			buildPhases = (
				F4181E131C86C3C700E41FBA /* Sources */,
				F4181E141C86C3C700E41FBA /* Frameworks */,
				F4181E151C86C3C700E41FBA /* Resources */,
			);
			buildRules = (
			);
			dependencies = (
				F4181E191C86C3C700E41FBA /* PBXTargetDependency */,
			);
			name = iReadTests;
			productName = iReadTests;
			productReference = F4181E171C86C3C700E41FBA /* iReadTests.xctest */;
			productType = "com.apple.product-type.bundle.unit-test";
		};
		F4181E211C86C3C700E41FBA /* iReadUITests */ = {
			isa = PBXNativeTarget;
			buildConfigurationList = F4181E311C86C3C700E41FBA /* Build configuration list for PBXNativeTarget "iReadUITests" */;
			buildPhases = (
				F4181E1E1C86C3C700E41FBA /* Sources */,
				F4181E1F1C86C3C700E41FBA /* Frameworks */,
				F4181E201C86C3C700E41FBA /* Resources */,
			);
			buildRules = (
			);
			dependencies = (
				F4181E241C86C3C700E41FBA /* PBXTargetDependency */,
			);
			name = iReadUITests;
			productName = iReadUITests;
			productReference = F4181E221C86C3C700E41FBA /* iReadUITests.xctest */;
			productType = "com.apple.product-type.bundle.ui-testing";
		};
/* End PBXNativeTarget section */

/* Begin PBXProject section */
		F4181DFB1C86C3C600E41FBA /* Project object */ = {
			isa = PBXProject;
			attributes = {
				LastSwiftUpdateCheck = 0720;
				LastUpgradeCheck = 0720;
				ORGANIZATIONNAME = Simon;
				TargetAttributes = {
					F4181E021C86C3C600E41FBA = {
						CreatedOnToolsVersion = 7.2;
					};
					F4181E161C86C3C700E41FBA = {
						CreatedOnToolsVersion = 7.2;
						TestTargetID = F4181E021C86C3C600E41FBA;
					};
					F4181E211C86C3C700E41FBA = {
						CreatedOnToolsVersion = 7.2;
						TestTargetID = F4181E021C86C3C600E41FBA;
					};
				};
			};
			buildConfigurationList = F4181DFE1C86C3C600E41FBA /* Build configuration list for PBXProject "iRead" */;
			compatibilityVersion = "Xcode 3.2";
			developmentRegion = English;
			hasScannedForEncodings = 0;
			knownRegions = (
				en,
				Base,
			);
			mainGroup = F4181DFA1C86C3C600E41FBA;
			productRefGroup = F4181E041C86C3C600E41FBA /* Products */;
			projectDirPath = "";
			projectRoot = "";
			targets = (
				F4181E021C86C3C600E41FBA /* iRead */,
				F4181E161C86C3C700E41FBA /* iReadTests */,
				F4181E211C86C3C700E41FBA /* iReadUITests */,
			);
		};
/* End PBXProject section */

/* Begin PBXResourcesBuildPhase section */
		F4181E011C86C3C600E41FBA /* Resources */ = {
			isa = PBXResourcesBuildPhase;
			buildActionMask = 2147483647;
			files = (
				F44DE8F21C92BEEE008617E6 /* feeds.plist in Resources */,
				F40C02341C9003F600CB3646 /* Main.storyboard in Resources */,
				F4495E671CA0161400E75463 /* img.js in Resources */,
				F4914D5D1C8EA7B100C32743 /* Notes.storyboard in Resources */,
				F4AB17011C882BDD006438D2 /* Launch.storyboard in Resources */,
				F4AB16FF1C882BDD006438D2 /* Feeds.storyboard in Resources */,
				F415918F1C9BDA330034D3C2 /* Page.storyboard in Resources */,
				F40C02191C8FE11C00CB3646 /* Recommend.storyboard in Resources */,
				F48048781C9817A800392827 /* Assets.xcassets in Resources */,
				F49208321CA2B61C00F889FA /* fetchImages.js in Resources */,
				F4AB16F01C882ADF006438D2 /* Profile.storyboard in Resources */,
				F4D1F1661CA3C81800AC056E /* ArticleTopBar.xib in Resources */,
				F4495E691CA02AC200E75463 /* style.js in Resources */,
			);
			runOnlyForDeploymentPostprocessing = 0;
		};
		F4181E151C86C3C700E41FBA /* Resources */ = {
			isa = PBXResourcesBuildPhase;
			buildActionMask = 2147483647;
			files = (
			);
			runOnlyForDeploymentPostprocessing = 0;
		};
		F4181E201C86C3C700E41FBA /* Resources */ = {
			isa = PBXResourcesBuildPhase;
			buildActionMask = 2147483647;
			files = (
			);
			runOnlyForDeploymentPostprocessing = 0;
		};
/* End PBXResourcesBuildPhase section */

/* Begin PBXShellScriptBuildPhase section */
		08F3B37C6045123510F15B87 /* Copy Pods Resources */ = {
			isa = PBXShellScriptBuildPhase;
			buildActionMask = 2147483647;
			files = (
			);
			inputPaths = (
			);
			name = "Copy Pods Resources";
			outputPaths = (
			);
			runOnlyForDeploymentPostprocessing = 0;
			shellPath = /bin/sh;
			shellScript = "\"${SRCROOT}/Pods/Target Support Files/Pods-iRead/Pods-iRead-resources.sh\"\n";
			showEnvVarsInLog = 0;
		};
		3B42B976E8C6450EEBBE83EB /* Embed Pods Frameworks */ = {
			isa = PBXShellScriptBuildPhase;
			buildActionMask = 2147483647;
			files = (
			);
			inputPaths = (
			);
			name = "Embed Pods Frameworks";
			outputPaths = (
			);
			runOnlyForDeploymentPostprocessing = 0;
			shellPath = /bin/sh;
			shellScript = "\"${SRCROOT}/Pods/Target Support Files/Pods-iRead/Pods-iRead-frameworks.sh\"\n";
			showEnvVarsInLog = 0;
		};
		B262DAE5181A153EFFB8EE58 /* Check Pods Manifest.lock */ = {
			isa = PBXShellScriptBuildPhase;
			buildActionMask = 2147483647;
			files = (
			);
			inputPaths = (
			);
			name = "Check Pods Manifest.lock";
			outputPaths = (
			);
			runOnlyForDeploymentPostprocessing = 0;
			shellPath = /bin/sh;
			shellScript = "diff \"${PODS_ROOT}/../Podfile.lock\" \"${PODS_ROOT}/Manifest.lock\" > /dev/null\nif [[ $? != 0 ]] ; then\n    cat << EOM\nerror: The sandbox is not in sync with the Podfile.lock. Run 'pod install' or update your CocoaPods installation.\nEOM\n    exit 1\nfi\n";
			showEnvVarsInLog = 0;
		};
/* End PBXShellScriptBuildPhase section */

/* Begin PBXSourcesBuildPhase section */
		F4181DFF1C86C3C600E41FBA /* Sources */ = {
			isa = PBXSourcesBuildPhase;
			buildActionMask = 2147483647;
			files = (
				F4495E641C9FABDE00E75463 /* iReadWebConfiguration.swift in Sources */,
				F40C021B1C8FFAEB00CB3646 /* CustomNavigationController.swift in Sources */,
				F4AB17001C882BDD006438D2 /* FeedsViewController.swift in Sources */,
				F4A331341C96860100AFFC6F /* BaseButton.swift in Sources */,
				F4C3A9501C919F6B001A0D22 /* iReadConfigure.swift in Sources */,
				F40C022A1C90028B00CB3646 /* YZFlowLayout.m in Sources */,
				F44B0B741CA54B7A00DDE1E9 /* iReadLoadView.swift in Sources */,
				F44B0B6B1CA537CC00DDE1E9 /* FeedsTitleView.swift in Sources */,
				F480C3C71CA1900C00D11BD3 /* ActionView.swift in Sources */,
				F42E98551C92689100A1E602 /* iReadNetwork.swift in Sources */,
				F42E98521C92601400A1E602 /* FeedModel.swift in Sources */,
				F42C03381C9A4E6900B27F45 /* BaseCollectionViewCell.swift in Sources */,
				F45344291C982647008378DC /* FeedListController.swift in Sources */,
				F49208341CA2C3B200F889FA /* ImageModel.swift in Sources */,
				F4914D501C8EA41300C32743 /* RecommendController.swift in Sources */,
				F4C09FF11C8EDD09005ED771 /* RootNavigationController.swift in Sources */,
				F44DE8F61C92C21F008617E6 /* feedResource.swift in Sources */,
				F4D1F15E1CA3A11200AC056E /* iReadUserManager.swift in Sources */,
				F49A8D3C1C9C392C004553DD /* iReadConstant.swift in Sources */,
				F42E985B1C9276D100A1E602 /* FeedFetchOperation.swift in Sources */,
				F42E98571C92720900A1E602 /* FeedManager.swift in Sources */,
				F431A5811CA62FB9007589E9 /* RecommendBaseController.swift in Sources */,
				F431A57F1CA62F85007589E9 /* TechStudyController.swift in Sources */,
				F40C02271C90028B00CB3646 /* UIView+Frame.m in Sources */,
				F4120ABB1C9AAABC00B86DE3 /* NSDate+InternetDateTime.m in Sources */,
				F4D1F1681CA3CDDF00AC056E /* ArtileTopBar.swift in Sources */,
				F42E98501C925DED00A1E602 /* ConcurrentOpeartion.swift in Sources */,
				F476FAFF1CA8BC9A00A77F16 /* RecommandCardView.swift in Sources */,
				F4AB17021C882BDD006438D2 /* LaunchViewController.swift in Sources */,
				F4C09FF31C8EDD2C005ED771 /* RootTabbarController.swift in Sources */,
				F44B0B6F1CA54AE500DDE1E9 /* PCAngularActivityIndicatorView.m in Sources */,
				F4A331321C965B5500AFFC6F /* ITNewsTableViewCell.swift in Sources */,
				F4AB17051C882BFD006438D2 /* ProfileViewController.swift in Sources */,
				F42C03361C9A4B9000B27F45 /* BaseCollectionView.swift in Sources */,
				F4C09FF61C8EDFB4005ED771 /* iReadHelp.swift in Sources */,
				F4A3918E1C97CEE8006DE0A8 /* iReadAlert.swift in Sources */,
				F47B0C0B1CA56E3D00086B50 /* FavoriteFeedsController.swift in Sources */,
				F445DD8A1C9BA68600B4DA71 /* ArticleViewController.swift in Sources */,
				F431A5851CA6B8DC007589E9 /* FeedBaseTableViewCell.swift in Sources */,
				F47CF65C1C9E755700808CCA /* ArticleView.swift in Sources */,
				F4D8648E1CA249EF00B13997 /* iReadDateFormatter.swift in Sources */,
				F4914D581C8EA71F00C32743 /* NotesViewController.swift in Sources */,
				F4C5076B1C919E66003D0AB1 /* FeedStore.swift in Sources */,
				F4A331291C96589100AFFC6F /* ITNewsViewController.swift in Sources */,
				F4181E071C86C3C600E41FBA /* AppDelegate.swift in Sources */,
				F40C02281C90028B00CB3646 /* YZDisplayTitleLabel.m in Sources */,
				F42E98591C9276AF00A1E602 /* FeedParseOperation.swift in Sources */,
				F42E98611C927F2100A1E602 /* iReadString.swift in Sources */,
				F415918D1C9BD3A00034D3C2 /* PageViewController.swift in Sources */,
				F48FE2EE1CA2198500A190AD /* BaseSwitch.swift in Sources */,
				F40C02391C90054D00CB3646 /* ViewControllerA.swift in Sources */,
				F40C02291C90028B00CB3646 /* YZDisplayViewController.m in Sources */,
				F42E985D1C92770600A1E602 /* FeedModelsProvider.swift in Sources */,
				F42A63651C9A8E0C0099CB7A /* BaseCardView.swift in Sources */,
			);
			runOnlyForDeploymentPostprocessing = 0;
		};
		F4181E131C86C3C700E41FBA /* Sources */ = {
			isa = PBXSourcesBuildPhase;
			buildActionMask = 2147483647;
			files = (
				F4181E1C1C86C3C700E41FBA /* iReadTests.swift in Sources */,
			);
			runOnlyForDeploymentPostprocessing = 0;
		};
		F4181E1E1C86C3C700E41FBA /* Sources */ = {
			isa = PBXSourcesBuildPhase;
			buildActionMask = 2147483647;
			files = (
				F4181E271C86C3C700E41FBA /* iReadUITests.swift in Sources */,
			);
			runOnlyForDeploymentPostprocessing = 0;
		};
/* End PBXSourcesBuildPhase section */

/* Begin PBXTargetDependency section */
		F4181E191C86C3C700E41FBA /* PBXTargetDependency */ = {
			isa = PBXTargetDependency;
			target = F4181E021C86C3C600E41FBA /* iRead */;
			targetProxy = F4181E181C86C3C700E41FBA /* PBXContainerItemProxy */;
		};
		F4181E241C86C3C700E41FBA /* PBXTargetDependency */ = {
			isa = PBXTargetDependency;
			target = F4181E021C86C3C600E41FBA /* iRead */;
			targetProxy = F4181E231C86C3C700E41FBA /* PBXContainerItemProxy */;
		};
/* End PBXTargetDependency section */

/* Begin PBXVariantGroup section */
		F40C02321C9003F600CB3646 /* Main.storyboard */ = {
			isa = PBXVariantGroup;
			children = (
				F40C02331C9003F600CB3646 /* Base */,
			);
			name = Main.storyboard;
			sourceTree = "<group>";
		};
/* End PBXVariantGroup section */

/* Begin XCBuildConfiguration section */
		F4181E291C86C3C700E41FBA /* Debug */ = {
			isa = XCBuildConfiguration;
			buildSettings = {
				ALWAYS_SEARCH_USER_PATHS = NO;
				CLANG_CXX_LANGUAGE_STANDARD = "gnu++0x";
				CLANG_CXX_LIBRARY = "libc++";
				CLANG_ENABLE_MODULES = YES;
				CLANG_ENABLE_OBJC_ARC = YES;
				CLANG_WARN_BOOL_CONVERSION = YES;
				CLANG_WARN_CONSTANT_CONVERSION = YES;
				CLANG_WARN_DIRECT_OBJC_ISA_USAGE = YES_ERROR;
				CLANG_WARN_EMPTY_BODY = YES;
				CLANG_WARN_ENUM_CONVERSION = YES;
				CLANG_WARN_INT_CONVERSION = YES;
				CLANG_WARN_OBJC_ROOT_CLASS = YES_ERROR;
				CLANG_WARN_UNREACHABLE_CODE = YES;
				CLANG_WARN__DUPLICATE_METHOD_MATCH = YES;
				"CODE_SIGN_IDENTITY[sdk=iphoneos*]" = "iPhone Developer";
				COPY_PHASE_STRIP = NO;
				DEBUG_INFORMATION_FORMAT = dwarf;
				ENABLE_STRICT_OBJC_MSGSEND = YES;
				ENABLE_TESTABILITY = YES;
				GCC_C_LANGUAGE_STANDARD = gnu99;
				GCC_DYNAMIC_NO_PIC = NO;
				GCC_NO_COMMON_BLOCKS = YES;
				GCC_OPTIMIZATION_LEVEL = 0;
				GCC_PREPROCESSOR_DEFINITIONS = (
					"DEBUG=1",
					"$(inherited)",
				);
				GCC_WARN_64_TO_32_BIT_CONVERSION = YES;
				GCC_WARN_ABOUT_RETURN_TYPE = YES_ERROR;
				GCC_WARN_UNDECLARED_SELECTOR = YES;
				GCC_WARN_UNINITIALIZED_AUTOS = YES_AGGRESSIVE;
				GCC_WARN_UNUSED_FUNCTION = YES;
				GCC_WARN_UNUSED_VARIABLE = YES;
				IPHONEOS_DEPLOYMENT_TARGET = 9.0;
				MTL_ENABLE_DEBUG_INFO = YES;
				ONLY_ACTIVE_ARCH = YES;
				SDKROOT = iphoneos;
				SWIFT_OPTIMIZATION_LEVEL = "-Onone";
				TARGETED_DEVICE_FAMILY = "1,2";
			};
			name = Debug;
		};
		F4181E2A1C86C3C700E41FBA /* Release */ = {
			isa = XCBuildConfiguration;
			buildSettings = {
				ALWAYS_SEARCH_USER_PATHS = NO;
				CLANG_CXX_LANGUAGE_STANDARD = "gnu++0x";
				CLANG_CXX_LIBRARY = "libc++";
				CLANG_ENABLE_MODULES = YES;
				CLANG_ENABLE_OBJC_ARC = YES;
				CLANG_WARN_BOOL_CONVERSION = YES;
				CLANG_WARN_CONSTANT_CONVERSION = YES;
				CLANG_WARN_DIRECT_OBJC_ISA_USAGE = YES_ERROR;
				CLANG_WARN_EMPTY_BODY = YES;
				CLANG_WARN_ENUM_CONVERSION = YES;
				CLANG_WARN_INT_CONVERSION = YES;
				CLANG_WARN_OBJC_ROOT_CLASS = YES_ERROR;
				CLANG_WARN_UNREACHABLE_CODE = YES;
				CLANG_WARN__DUPLICATE_METHOD_MATCH = YES;
				"CODE_SIGN_IDENTITY[sdk=iphoneos*]" = "iPhone Developer";
				COPY_PHASE_STRIP = NO;
				DEBUG_INFORMATION_FORMAT = "dwarf-with-dsym";
				ENABLE_NS_ASSERTIONS = NO;
				ENABLE_STRICT_OBJC_MSGSEND = YES;
				GCC_C_LANGUAGE_STANDARD = gnu99;
				GCC_NO_COMMON_BLOCKS = YES;
				GCC_WARN_64_TO_32_BIT_CONVERSION = YES;
				GCC_WARN_ABOUT_RETURN_TYPE = YES_ERROR;
				GCC_WARN_UNDECLARED_SELECTOR = YES;
				GCC_WARN_UNINITIALIZED_AUTOS = YES_AGGRESSIVE;
				GCC_WARN_UNUSED_FUNCTION = YES;
				GCC_WARN_UNUSED_VARIABLE = YES;
				IPHONEOS_DEPLOYMENT_TARGET = 9.0;
				MTL_ENABLE_DEBUG_INFO = NO;
				SDKROOT = iphoneos;
				TARGETED_DEVICE_FAMILY = "1,2";
				VALIDATE_PRODUCT = YES;
			};
			name = Release;
		};
		F4181E2C1C86C3C700E41FBA /* Debug */ = {
			isa = XCBuildConfiguration;
			baseConfigurationReference = A011587BAD740ED2C70350C0 /* Pods-iRead.debug.xcconfig */;
			buildSettings = {
				ASSETCATALOG_COMPILER_APPICON_NAME = AppIcon;
				ASSETCATALOG_COMPILER_LAUNCHIMAGE_NAME = "Brand Assets";
				CODE_SIGN_IDENTITY = "iPhone Developer";
				"CODE_SIGN_IDENTITY[sdk=iphoneos*]" = "iPhone Developer";
				FRAMEWORK_SEARCH_PATHS = (
					"$(inherited)",
					"$(PROJECT_DIR)/build/Debug-iphoneos/DTFoundation",
					"$(PROJECT_DIR)/Externals/DTCoreText/Externals/DTFoundation/build/Debug-iphoneos",
				);
				INFOPLIST_FILE = iRead/Info.plist;
				IPHONEOS_DEPLOYMENT_TARGET = 9.0;
				LD_RUNPATH_SEARCH_PATHS = "$(inherited) @executable_path/Frameworks";
				LIBRARY_SEARCH_PATHS = (
					"$(inherited)",
					"$(PROJECT_DIR)/Externals/DTCoreText/Externals/DTFoundation/build/Debug-iphoneos",
				);
				PRODUCT_BUNDLE_IDENTIFIER = com.Simon.iRead;
				PRODUCT_NAME = "$(TARGET_NAME)";
				PROVISIONING_PROFILE = "";
				SWIFT_OBJC_BRIDGING_HEADER = "/Users/MrAlien/Desktop/Love/iRead/iRead/iRead-Bridging-Header.h";
				TARGETED_DEVICE_FAMILY = "1,2";
			};
			name = Debug;
		};
		F4181E2D1C86C3C700E41FBA /* Release */ = {
			isa = XCBuildConfiguration;
			baseConfigurationReference = ED403498CD8A79BD5E72C4AB /* Pods-iRead.release.xcconfig */;
			buildSettings = {
				ASSETCATALOG_COMPILER_APPICON_NAME = AppIcon;
				ASSETCATALOG_COMPILER_LAUNCHIMAGE_NAME = "Brand Assets";
				CODE_SIGN_IDENTITY = "iPhone Developer";
				"CODE_SIGN_IDENTITY[sdk=iphoneos*]" = "iPhone Developer";
				FRAMEWORK_SEARCH_PATHS = (
					"$(inherited)",
					"$(PROJECT_DIR)/build/Debug-iphoneos/DTFoundation",
					"$(PROJECT_DIR)/Externals/DTCoreText/Externals/DTFoundation/build/Debug-iphoneos",
				);
				INFOPLIST_FILE = iRead/Info.plist;
				IPHONEOS_DEPLOYMENT_TARGET = 9.0;
				LD_RUNPATH_SEARCH_PATHS = "$(inherited) @executable_path/Frameworks";
				LIBRARY_SEARCH_PATHS = (
					"$(inherited)",
					"$(PROJECT_DIR)/Externals/DTCoreText/Externals/DTFoundation/build/Debug-iphoneos",
				);
				PRODUCT_BUNDLE_IDENTIFIER = com.Simon.iRead;
				PRODUCT_NAME = "$(TARGET_NAME)";
				PROVISIONING_PROFILE = "";
				SWIFT_OBJC_BRIDGING_HEADER = "/Users/MrAlien/Desktop/Love/iRead/iRead/iRead-Bridging-Header.h";
				TARGETED_DEVICE_FAMILY = "1,2";
			};
			name = Release;
		};
		F4181E2F1C86C3C700E41FBA /* Debug */ = {
			isa = XCBuildConfiguration;
			buildSettings = {
				BUNDLE_LOADER = "$(TEST_HOST)";
				INFOPLIST_FILE = iReadTests/Info.plist;
				LD_RUNPATH_SEARCH_PATHS = "$(inherited) @executable_path/Frameworks @loader_path/Frameworks";
				PRODUCT_BUNDLE_IDENTIFIER = com.Simon.iReadTests;
				PRODUCT_NAME = "$(TARGET_NAME)";
				TEST_HOST = "$(BUILT_PRODUCTS_DIR)/iRead.app/iRead";
			};
			name = Debug;
		};
		F4181E301C86C3C700E41FBA /* Release */ = {
			isa = XCBuildConfiguration;
			buildSettings = {
				BUNDLE_LOADER = "$(TEST_HOST)";
				INFOPLIST_FILE = iReadTests/Info.plist;
				LD_RUNPATH_SEARCH_PATHS = "$(inherited) @executable_path/Frameworks @loader_path/Frameworks";
				PRODUCT_BUNDLE_IDENTIFIER = com.Simon.iReadTests;
				PRODUCT_NAME = "$(TARGET_NAME)";
				TEST_HOST = "$(BUILT_PRODUCTS_DIR)/iRead.app/iRead";
			};
			name = Release;
		};
		F4181E321C86C3C700E41FBA /* Debug */ = {
			isa = XCBuildConfiguration;
			buildSettings = {
				INFOPLIST_FILE = iReadUITests/Info.plist;
				LD_RUNPATH_SEARCH_PATHS = "$(inherited) @executable_path/Frameworks @loader_path/Frameworks";
				PRODUCT_BUNDLE_IDENTIFIER = com.Simon.iReadUITests;
				PRODUCT_NAME = "$(TARGET_NAME)";
				TEST_TARGET_NAME = iRead;
				USES_XCTRUNNER = YES;
			};
			name = Debug;
		};
		F4181E331C86C3C700E41FBA /* Release */ = {
			isa = XCBuildConfiguration;
			buildSettings = {
				INFOPLIST_FILE = iReadUITests/Info.plist;
				LD_RUNPATH_SEARCH_PATHS = "$(inherited) @executable_path/Frameworks @loader_path/Frameworks";
				PRODUCT_BUNDLE_IDENTIFIER = com.Simon.iReadUITests;
				PRODUCT_NAME = "$(TARGET_NAME)";
				TEST_TARGET_NAME = iRead;
				USES_XCTRUNNER = YES;
			};
			name = Release;
		};
/* End XCBuildConfiguration section */

/* Begin XCConfigurationList section */
		F4181DFE1C86C3C600E41FBA /* Build configuration list for PBXProject "iRead" */ = {
			isa = XCConfigurationList;
			buildConfigurations = (
				F4181E291C86C3C700E41FBA /* Debug */,
				F4181E2A1C86C3C700E41FBA /* Release */,
			);
			defaultConfigurationIsVisible = 0;
			defaultConfigurationName = Release;
		};
		F4181E2B1C86C3C700E41FBA /* Build configuration list for PBXNativeTarget "iRead" */ = {
			isa = XCConfigurationList;
			buildConfigurations = (
				F4181E2C1C86C3C700E41FBA /* Debug */,
				F4181E2D1C86C3C700E41FBA /* Release */,
			);
			defaultConfigurationIsVisible = 0;
			defaultConfigurationName = Release;
		};
		F4181E2E1C86C3C700E41FBA /* Build configuration list for PBXNativeTarget "iReadTests" */ = {
			isa = XCConfigurationList;
			buildConfigurations = (
				F4181E2F1C86C3C700E41FBA /* Debug */,
				F4181E301C86C3C700E41FBA /* Release */,
			);
			defaultConfigurationIsVisible = 0;
			defaultConfigurationName = Release;
		};
		F4181E311C86C3C700E41FBA /* Build configuration list for PBXNativeTarget "iReadUITests" */ = {
			isa = XCConfigurationList;
			buildConfigurations = (
				F4181E321C86C3C700E41FBA /* Debug */,
				F4181E331C86C3C700E41FBA /* Release */,
			);
			defaultConfigurationIsVisible = 0;
			defaultConfigurationName = Release;
		};
/* End XCConfigurationList section */
	};
	rootObject = F4181DFB1C86C3C600E41FBA /* Project object */;
}
